{
  "name": "@atypical/commit",
  "version": "0.2.3",
  "lockfileVersion": 3,
  "requires": true,
  "packages": {
    "": {
      "name": "@atypical/commit",
      "version": "0.2.3",
      "license": "(MIT OR Apache-2.0)",
      "bin": {
        "commit-lint": "bin/commit-lint.js"
      },
      "engines": {
        "node": ">=18"
      },
      "optionalDependencies": {
        "@atypical/commit-darwin-arm64": "0.2.3",
        "@atypical/commit-darwin-x64": "0.2.3",
        "@atypical/commit-linux-arm64": "0.2.3",
        "@atypical/commit-linux-x64": "0.2.3",
        "@atypical/commit-win32-arm64": "0.2.3",
        "@atypical/commit-win32-x64": "0.2.3"
      }
    }
  }
}
